
Microsoft Visual Studio Solution File, Format Version 12.00
# Visual Studio Version 16
VisualStudioVersion = 16.0.30225.117
MinimumVisualStudioVersion = 10.0.40219.1
Project("{FAE04EC0-301F-11D3-BF4B-00C04F79EFBC}") = "Тест по теории вероятности", "Тест по теории вероятности\Тест по теории вероятности.csproj", "{55482570-D878-44EB-AEDF-B861355ED207}"
EndProject
Global
	GlobalSection(SolutionConfigurationPlatforms) = preSolution
		Debug|Any CPU = Debug|Any CPU
		Release|Any CPU = Release|Any CPU
	EndGlobalSection
	GlobalSection(ProjectConfigurationPlatforms) = postSolution
		{55482570-D878-44EB-AEDF-B861355ED207}.Debug|Any CPU.ActiveCfg = Debug|Any CPU
		{55482570-D878-44EB-AEDF-B861355ED207}.Debug|Any CPU.Build.0 = Debug|Any CPU
		{55482570-D878-44EB-AEDF-B861355ED207}.Release|Any CPU.ActiveCfg = Release|Any CPU
		{55482570-D878-44EB-AEDF-B861355ED207}.Release|Any CPU.Build.0 = Release|Any CPU
	EndGlobalSection
	GlobalSection(SolutionProperties) = preSolution
		HideSolutionNode = FALSE
	EndGlobalSection
	GlobalSection(ExtensibilityGlobals) = postSolution
		SolutionGuid = {F6CB5FC8-5912-4B11-8D3E-ABD0D01A35AC}
	EndGlobalSection
EndGlobal
